
Microsoft Visual Studio Solution File, Format Version 12.00
# Visual Studio Version 17
VisualStudioVersion = 17.7.34221.43
MinimumVisualStudioVersion = 10.0.40219.1
Project("{FAE04EC0-301F-11D3-BF4B-00C04F79EFBC}") = "Server", "Server\Server.csproj", "{FCB0B00C-8668-4E20-B61A-6E734E86DDB7}"
	ProjectSection(ProjectDependencies) = postProject
		{60D810F2-540C-4DE6-9DA3-1A81E73B9D60} = {60D810F2-540C-4DE6-9DA3-1A81E73B9D60}
	EndProjectSection
EndProject
Project("{FAE04EC0-301F-11D3-BF4B-00C04F79EFBC}") = "Client", "Client\Client.csproj", "{7612E5E2-C53F-4E94-8E85-CBA802B3C22B}"
	ProjectSection(ProjectDependencies) = postProject
		{60D810F2-540C-4DE6-9DA3-1A81E73B9D60} = {60D810F2-540C-4DE6-9DA3-1A81E73B9D60}
	EndProjectSection
EndProject
Project("{FAE04EC0-301F-11D3-BF4B-00C04F79EFBC}") = "Lib", "Lib\Lib.csproj", "{60D810F2-540C-4DE6-9DA3-1A81E73B9D60}"
EndProject
Global
	GlobalSection(SolutionConfigurationPlatforms) = preSolution
		Debug|Any CPU = Debug|Any CPU
		Release|Any CPU = Release|Any CPU
	EndGlobalSection
	GlobalSection(ProjectConfigurationPlatforms) = postSolution
		{FCB0B00C-8668-4E20-B61A-6E734E86DDB7}.Debug|Any CPU.ActiveCfg = Debug|Any CPU
		{FCB0B00C-8668-4E20-B61A-6E734E86DDB7}.Debug|Any CPU.Build.0 = Debug|Any CPU
		{FCB0B00C-8668-4E20-B61A-6E734E86DDB7}.Release|Any CPU.ActiveCfg = Release|Any CPU
		{FCB0B00C-8668-4E20-B61A-6E734E86DDB7}.Release|Any CPU.Build.0 = Release|Any CPU
		{7612E5E2-C53F-4E94-8E85-CBA802B3C22B}.Debug|Any CPU.ActiveCfg = Debug|Any CPU
		{7612E5E2-C53F-4E94-8E85-CBA802B3C22B}.Debug|Any CPU.Build.0 = Debug|Any CPU
		{7612E5E2-C53F-4E94-8E85-CBA802B3C22B}.Release|Any CPU.ActiveCfg = Release|Any CPU
		{7612E5E2-C53F-4E94-8E85-CBA802B3C22B}.Release|Any CPU.Build.0 = Release|Any CPU
		{60D810F2-540C-4DE6-9DA3-1A81E73B9D60}.Debug|Any CPU.ActiveCfg = Debug|Any CPU
		{60D810F2-540C-4DE6-9DA3-1A81E73B9D60}.Debug|Any CPU.Build.0 = Debug|Any CPU
		{60D810F2-540C-4DE6-9DA3-1A81E73B9D60}.Release|Any CPU.ActiveCfg = Release|Any CPU
		{60D810F2-540C-4DE6-9DA3-1A81E73B9D60}.Release|Any CPU.Build.0 = Release|Any CPU
	EndGlobalSection
	GlobalSection(SolutionProperties) = preSolution
		HideSolutionNode = FALSE
	EndGlobalSection
	GlobalSection(ExtensibilityGlobals) = postSolution
		SolutionGuid = {C25D6EB2-53A7-4CF9-B148-21E1EC555001}
	EndGlobalSection
EndGlobal
